{
	"name": "aoc2024",
	"version": "1.0.0",
	"lockfileVersion": 3,
	"requires": true,
	"packages": {
		"": {
			"name": "aoc2024",
			"version": "1.0.0",
			"license": "ISC",
			"dependencies": {
				"fast-astar": "^1.0.6"
			}
		},
		"node_modules/fast-astar": {
			"version": "1.0.6",
			"resolved": "https://registry.npmjs.org/fast-astar/-/fast-astar-1.0.6.tgz",
			"integrity": "sha512-r23aD+DIl2Y/XdhP/Z3kDyi9dJ4BID6z49gjc+lQo1fLBqi9uEkaevcX4v0bqHGxjwc7GKbt/OPRM/UwTCfiEw==",
			"license": "MIT"
		}
	}
}
